
Microsoft Visual Studio Solution File, Format Version 12.00
# Visual Studio Version 16
VisualStudioVersion = 16.0.29613.14
MinimumVisualStudioVersion = 10.0.40219.1
Project("{8BC9CEB8-8B4A-11D0-8D11-00A0C91BC942}") = "opengl-examples", "opengl-examples\opengl-examples.vcxproj", "{38AF81D1-ECFE-442A-A158-290C0C085C95}"
EndProject
Project("{8BC9CEB8-8B4A-11D0-8D11-00A0C91BC942}") = "triangle-learnopengl", "triangle-learnopengl\triangle-learnopengl.vcxproj", "{47A6528C-84A4-43BE-ABBA-0FE2C94EF0CC}"
EndProject
Project("{8BC9CEB8-8B4A-11D0-8D11-00A0C91BC942}") = "hello-triangle", "hello-triangle\hello-triangle.vcxproj", "{8299E286-6A9E-4542-B620-AE0042170F5C}"
EndProject
Project("{8BC9CEB8-8B4A-11D0-8D11-00A0C91BC942}") = "hello-rectangle", "hello-rectangle\hello-rectangle.vcxproj", "{6CA0B6AD-9A46-4751-A978-33B93DA73C0C}"
EndProject
Project("{8BC9CEB8-8B4A-11D0-8D11-00A0C91BC942}") = "triangle-2", "triangle-2\triangle-2.vcxproj", "{D7EA9D3D-5142-4BA3-8583-954B1998BD5F}"
EndProject
Global
	GlobalSection(SolutionConfigurationPlatforms) = preSolution
		Debug|x64 = Debug|x64
		Debug|x86 = Debug|x86
		Release|x64 = Release|x64
		Release|x86 = Release|x86
	EndGlobalSection
	GlobalSection(ProjectConfigurationPlatforms) = postSolution
		{38AF81D1-ECFE-442A-A158-290C0C085C95}.Debug|x64.ActiveCfg = Debug|x64
		{38AF81D1-ECFE-442A-A158-290C0C085C95}.Debug|x64.Build.0 = Debug|x64
		{38AF81D1-ECFE-442A-A158-290C0C085C95}.Debug|x86.ActiveCfg = Debug|Win32
		{38AF81D1-ECFE-442A-A158-290C0C085C95}.Debug|x86.Build.0 = Debug|Win32
		{38AF81D1-ECFE-442A-A158-290C0C085C95}.Release|x64.ActiveCfg = Release|x64
		{38AF81D1-ECFE-442A-A158-290C0C085C95}.Release|x64.Build.0 = Release|x64
		{38AF81D1-ECFE-442A-A158-290C0C085C95}.Release|x86.ActiveCfg = Release|Win32
		{38AF81D1-ECFE-442A-A158-290C0C085C95}.Release|x86.Build.0 = Release|Win32
		{47A6528C-84A4-43BE-ABBA-0FE2C94EF0CC}.Debug|x64.ActiveCfg = Debug|x64
		{47A6528C-84A4-43BE-ABBA-0FE2C94EF0CC}.Debug|x64.Build.0 = Debug|x64
		{47A6528C-84A4-43BE-ABBA-0FE2C94EF0CC}.Debug|x86.ActiveCfg = Debug|Win32
		{47A6528C-84A4-43BE-ABBA-0FE2C94EF0CC}.Debug|x86.Build.0 = Debug|Win32
		{47A6528C-84A4-43BE-ABBA-0FE2C94EF0CC}.Release|x64.ActiveCfg = Release|x64
		{47A6528C-84A4-43BE-ABBA-0FE2C94EF0CC}.Release|x64.Build.0 = Release|x64
		{47A6528C-84A4-43BE-ABBA-0FE2C94EF0CC}.Release|x86.ActiveCfg = Release|Win32
		{47A6528C-84A4-43BE-ABBA-0FE2C94EF0CC}.Release|x86.Build.0 = Release|Win32
		{8299E286-6A9E-4542-B620-AE0042170F5C}.Debug|x64.ActiveCfg = Debug|x64
		{8299E286-6A9E-4542-B620-AE0042170F5C}.Debug|x64.Build.0 = Debug|x64
		{8299E286-6A9E-4542-B620-AE0042170F5C}.Debug|x86.ActiveCfg = Debug|Win32
		{8299E286-6A9E-4542-B620-AE0042170F5C}.Debug|x86.Build.0 = Debug|Win32
		{8299E286-6A9E-4542-B620-AE0042170F5C}.Release|x64.ActiveCfg = Release|x64
		{8299E286-6A9E-4542-B620-AE0042170F5C}.Release|x64.Build.0 = Release|x64
		{8299E286-6A9E-4542-B620-AE0042170F5C}.Release|x86.ActiveCfg = Release|Win32
		{8299E286-6A9E-4542-B620-AE0042170F5C}.Release|x86.Build.0 = Release|Win32
		{6CA0B6AD-9A46-4751-A978-33B93DA73C0C}.Debug|x64.ActiveCfg = Debug|x64
		{6CA0B6AD-9A46-4751-A978-33B93DA73C0C}.Debug|x64.Build.0 = Debug|x64
		{6CA0B6AD-9A46-4751-A978-33B93DA73C0C}.Debug|x86.ActiveCfg = Debug|Win32
		{6CA0B6AD-9A46-4751-A978-33B93DA73C0C}.Debug|x86.Build.0 = Debug|Win32
		{6CA0B6AD-9A46-4751-A978-33B93DA73C0C}.Release|x64.ActiveCfg = Release|x64
		{6CA0B6AD-9A46-4751-A978-33B93DA73C0C}.Release|x64.Build.0 = Release|x64
		{6CA0B6AD-9A46-4751-A978-33B93DA73C0C}.Release|x86.ActiveCfg = Release|Win32
		{6CA0B6AD-9A46-4751-A978-33B93DA73C0C}.Release|x86.Build.0 = Release|Win32
		{D7EA9D3D-5142-4BA3-8583-954B1998BD5F}.Debug|x64.ActiveCfg = Debug|x64
		{D7EA9D3D-5142-4BA3-8583-954B1998BD5F}.Debug|x64.Build.0 = Debug|x64
		{D7EA9D3D-5142-4BA3-8583-954B1998BD5F}.Debug|x86.ActiveCfg = Debug|Win32
		{D7EA9D3D-5142-4BA3-8583-954B1998BD5F}.Debug|x86.Build.0 = Debug|Win32
		{D7EA9D3D-5142-4BA3-8583-954B1998BD5F}.Release|x64.ActiveCfg = Release|x64
		{D7EA9D3D-5142-4BA3-8583-954B1998BD5F}.Release|x64.Build.0 = Release|x64
		{D7EA9D3D-5142-4BA3-8583-954B1998BD5F}.Release|x86.ActiveCfg = Release|Win32
		{D7EA9D3D-5142-4BA3-8583-954B1998BD5F}.Release|x86.Build.0 = Release|Win32
	EndGlobalSection
	GlobalSection(SolutionProperties) = preSolution
		HideSolutionNode = FALSE
	EndGlobalSection
	GlobalSection(ExtensibilityGlobals) = postSolution
		SolutionGuid = {8603513A-540D-4A9B-941A-5B9A33222720}
	EndGlobalSection
EndGlobal
